
Microsoft Visual Studio Solution File, Format Version 12.00
# Visual Studio Version 16
VisualStudioVersion = 16.0.31205.134
MinimumVisualStudioVersion = 10.0.40219.1
Project("{2150E333-8FDC-42A3-9474-1A3956D46DE8}") = "src", "src", "{203FA211-1E23-4639-A468-51A10D0244A7}"
EndProject
Project("{9A19103F-16F7-4668-BE54-9A1E7A4F7556}") = "WebApi", "WebApi\WebApi.csproj", "{EC7D7201-7CBC-46C1-B2BA-5FB5A42221FD}"
EndProject
Project("{9A19103F-16F7-4668-BE54-9A1E7A4F7556}") = "DLL", "DLL\DLL.csproj", "{BA00ACE9-D2F2-4AFB-A9AB-320E8483CEE0}"
EndProject
Project("{9A19103F-16F7-4668-BE54-9A1E7A4F7556}") = "BLL", "BLL\BLL.csproj", "{2EE052B7-C21C-466F-BA2F-CA6166A9C467}"
EndProject
Project("{FAE04EC0-301F-11D3-BF4B-00C04F79EFBC}") = "Utility", "Utility\Utility.csproj", "{1543E6B7-E54D-48F2-BB0A-DF31C8487CC0}"
EndProject
Global
	GlobalSection(SolutionConfigurationPlatforms) = preSolution
		Debug|Any CPU = Debug|Any CPU
		Release|Any CPU = Release|Any CPU
	EndGlobalSection
	GlobalSection(ProjectConfigurationPlatforms) = postSolution
		{EC7D7201-7CBC-46C1-B2BA-5FB5A42221FD}.Debug|Any CPU.ActiveCfg = Debug|Any CPU
		{EC7D7201-7CBC-46C1-B2BA-5FB5A42221FD}.Debug|Any CPU.Build.0 = Debug|Any CPU
		{EC7D7201-7CBC-46C1-B2BA-5FB5A42221FD}.Release|Any CPU.ActiveCfg = Release|Any CPU
		{EC7D7201-7CBC-46C1-B2BA-5FB5A42221FD}.Release|Any CPU.Build.0 = Release|Any CPU
		{BA00ACE9-D2F2-4AFB-A9AB-320E8483CEE0}.Debug|Any CPU.ActiveCfg = Debug|Any CPU
		{BA00ACE9-D2F2-4AFB-A9AB-320E8483CEE0}.Debug|Any CPU.Build.0 = Debug|Any CPU
		{BA00ACE9-D2F2-4AFB-A9AB-320E8483CEE0}.Release|Any CPU.ActiveCfg = Release|Any CPU
		{BA00ACE9-D2F2-4AFB-A9AB-320E8483CEE0}.Release|Any CPU.Build.0 = Release|Any CPU
		{2EE052B7-C21C-466F-BA2F-CA6166A9C467}.Debug|Any CPU.ActiveCfg = Debug|Any CPU
		{2EE052B7-C21C-466F-BA2F-CA6166A9C467}.Debug|Any CPU.Build.0 = Debug|Any CPU
		{2EE052B7-C21C-466F-BA2F-CA6166A9C467}.Release|Any CPU.ActiveCfg = Release|Any CPU
		{2EE052B7-C21C-466F-BA2F-CA6166A9C467}.Release|Any CPU.Build.0 = Release|Any CPU
		{1543E6B7-E54D-48F2-BB0A-DF31C8487CC0}.Debug|Any CPU.ActiveCfg = Debug|Any CPU
		{1543E6B7-E54D-48F2-BB0A-DF31C8487CC0}.Debug|Any CPU.Build.0 = Debug|Any CPU
		{1543E6B7-E54D-48F2-BB0A-DF31C8487CC0}.Release|Any CPU.ActiveCfg = Release|Any CPU
		{1543E6B7-E54D-48F2-BB0A-DF31C8487CC0}.Release|Any CPU.Build.0 = Release|Any CPU
	EndGlobalSection
	GlobalSection(SolutionProperties) = preSolution
		HideSolutionNode = FALSE
	EndGlobalSection
	GlobalSection(NestedProjects) = preSolution
		{EC7D7201-7CBC-46C1-B2BA-5FB5A42221FD} = {203FA211-1E23-4639-A468-51A10D0244A7}
		{BA00ACE9-D2F2-4AFB-A9AB-320E8483CEE0} = {203FA211-1E23-4639-A468-51A10D0244A7}
		{2EE052B7-C21C-466F-BA2F-CA6166A9C467} = {203FA211-1E23-4639-A468-51A10D0244A7}
		{1543E6B7-E54D-48F2-BB0A-DF31C8487CC0} = {203FA211-1E23-4639-A468-51A10D0244A7}
	EndGlobalSection
	GlobalSection(ExtensibilityGlobals) = postSolution
		SolutionGuid = {2C0E323F-A74C-40CC-9413-0F51F224D8E5}
	EndGlobalSection
EndGlobal
